// !$*UTF8*$!
{
	archiveVersion = 1;
	classes = {
	};
	objectVersion = 55;
	objects = {

/* Begin PBXBuildFile section */
		5A2ECD7E27697AD600792E80 /* VideoPlayer.swift in Sources */ = {isa = PBXBuildFile; fileRef = 5A2ECD7D27697AD600792E80 /* VideoPlayer.swift */; };
		5A300B8C274FD0B200587B2C /* FantlineApp.swift in Sources */ = {isa = PBXBuildFile; fileRef = 5A300B8B274FD0B200587B2C /* FantlineApp.swift */; };
		5A300B8E274FD0B200587B2C /* ContentView_iPhone.swift in Sources */ = {isa = PBXBuildFile; fileRef = 5A300B8D274FD0B200587B2C /* ContentView_iPhone.swift */; };
		5A300B90274FD0B300587B2C /* Assets.xcassets in Resources */ = {isa = PBXBuildFile; fileRef = 5A300B8F274FD0B300587B2C /* Assets.xcassets */; };
		5A300B93274FD0B300587B2C /* Preview Assets.xcassets in Resources */ = {isa = PBXBuildFile; fileRef = 5A300B92274FD0B300587B2C /* Preview Assets.xcassets */; };
		5A300B95274FD0B300587B2C /* Persistence.swift in Sources */ = {isa = PBXBuildFile; fileRef = 5A300B94274FD0B300587B2C /* Persistence.swift */; };
		5A300B98274FD0B300587B2C /* Fantline.xcdatamodeld in Sources */ = {isa = PBXBuildFile; fileRef = 5A300B96274FD0B300587B2C /* Fantline.xcdatamodeld */; };
		5A6E0530276846CA000BF8A1 /* Fantline-Bridging-Header.m in Sources */ = {isa = PBXBuildFile; fileRef = 5A6E052F276846CA000BF8A1 /* Fantline-Bridging-Header.m */; };
		5A6E053227684746000BF8A1 /* AppDelegate.swift in Sources */ = {isa = PBXBuildFile; fileRef = 5A6E053127684746000BF8A1 /* AppDelegate.swift */; };
		5A6E053C276847A8000BF8A1 /* Font.swift in Sources */ = {isa = PBXBuildFile; fileRef = 5A6E0539276847A8000BF8A1 /* Font.swift */; };
		5A6E054027684B64000BF8A1 /* FindView.swift in Sources */ = {isa = PBXBuildFile; fileRef = 5A6E053F27684B64000BF8A1 /* FindView.swift */; };
		5A6E054227684B90000BF8A1 /* LibrayView.swift in Sources */ = {isa = PBXBuildFile; fileRef = 5A6E054127684B90000BF8A1 /* LibrayView.swift */; };
		5A6E054427684BA1000BF8A1 /* SearchView.swift in Sources */ = {isa = PBXBuildFile; fileRef = 5A6E054327684BA1000BF8A1 /* SearchView.swift */; };
		5A6E054627685F24000BF8A1 /* Tabbar.swift in Sources */ = {isa = PBXBuildFile; fileRef = 5A6E054527685F23000BF8A1 /* Tabbar.swift */; };
		5A6E054927685F4A000BF8A1 /* UIstate.swift in Sources */ = {isa = PBXBuildFile; fileRef = 5A6E054827685F4A000BF8A1 /* UIstate.swift */; };
		5A6E054B27686004000BF8A1 /* Color.swift in Sources */ = {isa = PBXBuildFile; fileRef = 5A6E054A27686003000BF8A1 /* Color.swift */; };
		5A6E054D276862A0000BF8A1 /* Comps.swift in Sources */ = {isa = PBXBuildFile; fileRef = 5A6E054C276862A0000BF8A1 /* Comps.swift */; };
		5A6E0562276873E0000BF8A1 /* Montserrat-LightItalic.ttf in Resources */ = {isa = PBXBuildFile; fileRef = 5A6E054F276873E0000BF8A1 /* Montserrat-LightItalic.ttf */; };
		5A6E0563276873E0000BF8A1 /* Montserrat-Medium.ttf in Resources */ = {isa = PBXBuildFile; fileRef = 5A6E0550276873E0000BF8A1 /* Montserrat-Medium.ttf */; };
		5A6E0564276873E0000BF8A1 /* Montserrat-BoldItalic.ttf in Resources */ = {isa = PBXBuildFile; fileRef = 5A6E0551276873E0000BF8A1 /* Montserrat-BoldItalic.ttf */; };
		5A6E0565276873E0000BF8A1 /* Montserrat-Light.ttf in Resources */ = {isa = PBXBuildFile; fileRef = 5A6E0552276873E0000BF8A1 /* Montserrat-Light.ttf */; };
		5A6E0566276873E0000BF8A1 /* Montserrat-ThinItalic.ttf in Resources */ = {isa = PBXBuildFile; fileRef = 5A6E0553276873E0000BF8A1 /* Montserrat-ThinItalic.ttf */; };
		5A6E0567276873E0000BF8A1 /* Montserrat-ExtraLight.ttf in Resources */ = {isa = PBXBuildFile; fileRef = 5A6E0554276873E0000BF8A1 /* Montserrat-ExtraLight.ttf */; };
		5A6E0568276873E0000BF8A1 /* Montserrat-Thin.ttf in Resources */ = {isa = PBXBuildFile; fileRef = 5A6E0555276873E0000BF8A1 /* Montserrat-Thin.ttf */; };
		5A6E0569276873E0000BF8A1 /* Montserrat-Bold.ttf in Resources */ = {isa = PBXBuildFile; fileRef = 5A6E0556276873E0000BF8A1 /* Montserrat-Bold.ttf */; };
		5A6E056A276873E0000BF8A1 /* Montserrat-MediumItalic.ttf in Resources */ = {isa = PBXBuildFile; fileRef = 5A6E0557276873E0000BF8A1 /* Montserrat-MediumItalic.ttf */; };
		5A6E056B276873E0000BF8A1 /* Montserrat-BlackItalic.ttf in Resources */ = {isa = PBXBuildFile; fileRef = 5A6E0558276873E0000BF8A1 /* Montserrat-BlackItalic.ttf */; };
		5A6E056C276873E0000BF8A1 /* Montserrat-SemiBold.ttf in Resources */ = {isa = PBXBuildFile; fileRef = 5A6E0559276873E0000BF8A1 /* Montserrat-SemiBold.ttf */; };
		5A6E056D276873E0000BF8A1 /* Montserrat-ExtraLightItalic.ttf in Resources */ = {isa = PBXBuildFile; fileRef = 5A6E055A276873E0000BF8A1 /* Montserrat-ExtraLightItalic.ttf */; };
		5A6E056E276873E0000BF8A1 /* Montserrat-ExtraBold.ttf in Resources */ = {isa = PBXBuildFile; fileRef = 5A6E055B276873E0000BF8A1 /* Montserrat-ExtraBold.ttf */; };
		5A6E056F276873E0000BF8A1 /* OFL.txt in Resources */ = {isa = PBXBuildFile; fileRef = 5A6E055C276873E0000BF8A1 /* OFL.txt */; };
		5A6E0570276873E0000BF8A1 /* Montserrat-Black.ttf in Resources */ = {isa = PBXBuildFile; fileRef = 5A6E055D276873E0000BF8A1 /* Montserrat-Black.ttf */; };
		5A6E0571276873E0000BF8A1 /* Montserrat-Regular.ttf in Resources */ = {isa = PBXBuildFile; fileRef = 5A6E055E276873E0000BF8A1 /* Montserrat-Regular.ttf */; };
		5A6E0572276873E0000BF8A1 /* Montserrat-Italic.ttf in Resources */ = {isa = PBXBuildFile; fileRef = 5A6E055F276873E0000BF8A1 /* Montserrat-Italic.ttf */; };
		5A6E0573276873E0000BF8A1 /* Montserrat-SemiBoldItalic.ttf in Resources */ = {isa = PBXBuildFile; fileRef = 5A6E0560276873E0000BF8A1 /* Montserrat-SemiBoldItalic.ttf */; };
		5A6E0574276873E0000BF8A1 /* Montserrat-ExtraBoldItalic.ttf in Resources */ = {isa = PBXBuildFile; fileRef = 5A6E0561276873E0000BF8A1 /* Montserrat-ExtraBoldItalic.ttf */; };
		5A6E057B27688082000BF8A1 /* DefultStore.swift in Sources */ = {isa = PBXBuildFile; fileRef = 5A6E057A27688082000BF8A1 /* DefultStore.swift */; };
		5A6E057E2768830A000BF8A1 /* PublicFuncs.swift in Sources */ = {isa = PBXBuildFile; fileRef = 5A6E057D2768830A000BF8A1 /* PublicFuncs.swift */; };
		5A6E05802768844B000BF8A1 /* String+.swift in Sources */ = {isa = PBXBuildFile; fileRef = 5A6E057F2768844B000BF8A1 /* String+.swift */; };
		5A6E05832768878E000BF8A1 /* LaperView.swift in Sources */ = {isa = PBXBuildFile; fileRef = 5A6E05822768878E000BF8A1 /* LaperView.swift */; };
		5A6E058527688B91000BF8A1 /* PieChart.swift in Sources */ = {isa = PBXBuildFile; fileRef = 5A6E058427688B91000BF8A1 /* PieChart.swift */; };
		6A2FE94116067F12231EB9B9 /* Pods_Fantline.framework in Frameworks */ = {isa = PBXBuildFile; fileRef = 4FBB74C617C22AAC2AD4ED2F /* Pods_Fantline.framework */; };
		A24FB3222769D8AA00BC752B /* FloderComps.swift in Sources */ = {isa = PBXBuildFile; fileRef = A24FB3212769D8AA00BC752B /* FloderComps.swift */; };
		A286BDA0276DD127008472B6 /* ApiTest.swift in Sources */ = {isa = PBXBuildFile; fileRef = A286BD9E276DD127008472B6 /* ApiTest.swift */; };
		A286BDA1276DD127008472B6 /* HTTPConfig.swift in Sources */ = {isa = PBXBuildFile; fileRef = A286BD9F276DD127008472B6 /* HTTPConfig.swift */; };
		A286BDAC276EC2B5008472B6 /* LoginView.swift in Sources */ = {isa = PBXBuildFile; fileRef = A286BDAB276EC2B5008472B6 /* LoginView.swift */; };
		A28B3C18277BF3D20046E35E /* ProfileView.swift in Sources */ = {isa = PBXBuildFile; fileRef = A28B3C17277BF3D20046E35E /* ProfileView.swift */; };
		A2D3B42227773E350007234C /* UserInfoFormView.swift in Sources */ = {isa = PBXBuildFile; fileRef = A2D3B42127773E350007234C /* UserInfoFormView.swift */; };
		A2D3B42427773FCD0007234C /* FirstCompleteLoginView.swift in Sources */ = {isa = PBXBuildFile; fileRef = A2D3B42327773FCD0007234C /* FirstCompleteLoginView.swift */; };
		A2D3B42A277872FC0007234C /* FilmDetailView.swift in Sources */ = {isa = PBXBuildFile; fileRef = A2D3B429277872FC0007234C /* FilmDetailView.swift */; };
		A2D3B42D2778733D0007234C /* LaperDocCard.swift in Sources */ = {isa = PBXBuildFile; fileRef = A2D3B42C2778733D0007234C /* LaperDocCard.swift */; };
		A2D3B42F2778735B0007234C /* FilmComps.swift in Sources */ = {isa = PBXBuildFile; fileRef = A2D3B42E2778735B0007234C /* FilmComps.swift */; };
		A2E3747627771B89006B91AB /* Buttons.swift in Sources */ = {isa = PBXBuildFile; fileRef = A2E3747527771B89006B91AB /* Buttons.swift */; };
		A2E3747827771FBF006B91AB /* PF_TextField.swift in Sources */ = {isa = PBXBuildFile; fileRef = A2E3747727771FBF006B91AB /* PF_TextField.swift */; };
		A2E3747A2777232C006B91AB /* CommunIcon.swift in Sources */ = {isa = PBXBuildFile; fileRef = A2E374792777232C006B91AB /* CommunIcon.swift */; };
		A2E3747C277724AB006B91AB /* VerificationCodeView.swift in Sources */ = {isa = PBXBuildFile; fileRef = A2E3747B277724AB006B91AB /* VerificationCodeView.swift */; };
		A2E3747F277724CC006B91AB /* UserDataCenter.swift in Sources */ = {isa = PBXBuildFile; fileRef = A2E3747E277724CC006B91AB /* UserDataCenter.swift */; };
		A2E3748227773382006B91AB /* ContentView_iPad.swift in Sources */ = {isa = PBXBuildFile; fileRef = A2E3748127773382006B91AB /* ContentView_iPad.swift */; };
		A2FD92A12779519400C00F80 /* SettingView.swift in Sources */ = {isa = PBXBuildFile; fileRef = A2FD92A02779519400C00F80 /* SettingView.swift */; };
		A2FD92A52779708900C00F80 /* LaperDocView.swift in Sources */ = {isa = PBXBuildFile; fileRef = A2FD92A42779708900C00F80 /* LaperDocView.swift */; };
		A2FD92A8277970BD00C00F80 /* FilmListView.swift in Sources */ = {isa = PBXBuildFile; fileRef = A2FD92A7277970BD00C00F80 /* FilmListView.swift */; };
		A2FD92AA277970C400C00F80 /* MuseDocView.swift in Sources */ = {isa = PBXBuildFile; fileRef = A2FD92A9277970C400C00F80 /* MuseDocView.swift */; };
		A2FD92AC277970CF00C00F80 /* ShotPlanView.swift in Sources */ = {isa = PBXBuildFile; fileRef = A2FD92AB277970CF00C00F80 /* ShotPlanView.swift */; };
		A2FD92AE2779827E00C00F80 /* LoginViewComps.swift in Sources */ = {isa = PBXBuildFile; fileRef = A2FD92AD2779827E00C00F80 /* LoginViewComps.swift */; };
		A2FD92B027799FFE00C00F80 /* LacunchManager.swift in Sources */ = {isa = PBXBuildFile; fileRef = A2FD92AF27799FFE00C00F80 /* LacunchManager.swift */; };
		A2FD92B22779F04F00C00F80 /* FindViewModule.swift in Sources */ = {isa = PBXBuildFile; fileRef = A2FD92B12779F04F00C00F80 /* FindViewModule.swift */; };
/* End PBXBuildFile section */

/* Begin PBXFileReference section */
		4FBB74C617C22AAC2AD4ED2F /* Pods_Fantline.framework */ = {isa = PBXFileReference; explicitFileType = wrapper.framework; includeInIndex = 0; path = Pods_Fantline.framework; sourceTree = BUILT_PRODUCTS_DIR; };
		5A2ECD7D27697AD600792E80 /* VideoPlayer.swift */ = {isa = PBXFileReference; lastKnownFileType = sourcecode.swift; path = VideoPlayer.swift; sourceTree = "<group>"; };
		5A300B88274FD0B200587B2C /* 拉片Laper.app */ = {isa = PBXFileReference; explicitFileType = wrapper.application; includeInIndex = 0; path = "拉片Laper.app"; sourceTree = BUILT_PRODUCTS_DIR; };
		5A300B8B274FD0B200587B2C /* FantlineApp.swift */ = {isa = PBXFileReference; lastKnownFileType = sourcecode.swift; path = FantlineApp.swift; sourceTree = "<group>"; };
		5A300B8D274FD0B200587B2C /* ContentView_iPhone.swift */ = {isa = PBXFileReference; lastKnownFileType = sourcecode.swift; path = ContentView_iPhone.swift; sourceTree = "<group>"; };
		5A300B8F274FD0B300587B2C /* Assets.xcassets */ = {isa = PBXFileReference; lastKnownFileType = folder.assetcatalog; path = Assets.xcassets; sourceTree = "<group>"; };
		5A300B92274FD0B300587B2C /* Preview Assets.xcassets */ = {isa = PBXFileReference; lastKnownFileType = folder.assetcatalog; path = "Preview Assets.xcassets"; sourceTree = "<group>"; };
		5A300B94274FD0B300587B2C /* Persistence.swift */ = {isa = PBXFileReference; lastKnownFileType = sourcecode.swift; path = Persistence.swift; sourceTree = "<group>"; };
		5A300B97274FD0B300587B2C /* Fantline.xcdatamodel */ = {isa = PBXFileReference; lastKnownFileType = wrapper.xcdatamodel; path = Fantline.xcdatamodel; sourceTree = "<group>"; };
		5A6E052E276846CA000BF8A1 /* Fantline-Bridging-Header.h */ = {isa = PBXFileReference; lastKnownFileType = sourcecode.c.h; path = "Fantline-Bridging-Header.h"; sourceTree = "<group>"; };
		5A6E052F276846CA000BF8A1 /* Fantline-Bridging-Header.m */ = {isa = PBXFileReference; lastKnownFileType = sourcecode.c.objc; path = "Fantline-Bridging-Header.m"; sourceTree = "<group>"; };
		5A6E053127684746000BF8A1 /* AppDelegate.swift */ = {isa = PBXFileReference; lastKnownFileType = sourcecode.swift; path = AppDelegate.swift; sourceTree = "<group>"; };
		5A6E0539276847A8000BF8A1 /* Font.swift */ = {isa = PBXFileReference; fileEncoding = 4; lastKnownFileType = sourcecode.swift; path = Font.swift; sourceTree = "<group>"; };
		5A6E053F27684B64000BF8A1 /* FindView.swift */ = {isa = PBXFileReference; lastKnownFileType = sourcecode.swift; path = FindView.swift; sourceTree = "<group>"; };
		5A6E054127684B90000BF8A1 /* LibrayView.swift */ = {isa = PBXFileReference; lastKnownFileType = sourcecode.swift; path = LibrayView.swift; sourceTree = "<group>"; };
		5A6E054327684BA1000BF8A1 /* SearchView.swift */ = {isa = PBXFileReference; lastKnownFileType = sourcecode.swift; path = SearchView.swift; sourceTree = "<group>"; };
		5A6E054527685F23000BF8A1 /* Tabbar.swift */ = {isa = PBXFileReference; lastKnownFileType = sourcecode.swift; path = Tabbar.swift; sourceTree = "<group>"; };
		5A6E054827685F4A000BF8A1 /* UIstate.swift */ = {isa = PBXFileReference; lastKnownFileType = sourcecode.swift; path = UIstate.swift; sourceTree = "<group>"; };
		5A6E054A27686003000BF8A1 /* Color.swift */ = {isa = PBXFileReference; fileEncoding = 4; lastKnownFileType = sourcecode.swift; path = Color.swift; sourceTree = "<group>"; };
		5A6E054C276862A0000BF8A1 /* Comps.swift */ = {isa = PBXFileReference; lastKnownFileType = sourcecode.swift; path = Comps.swift; sourceTree = "<group>"; };
		5A6E054F276873E0000BF8A1 /* Montserrat-LightItalic.ttf */ = {isa = PBXFileReference; lastKnownFileType = file; path = "Montserrat-LightItalic.ttf"; sourceTree = "<group>"; };
		5A6E0550276873E0000BF8A1 /* Montserrat-Medium.ttf */ = {isa = PBXFileReference; lastKnownFileType = file; path = "Montserrat-Medium.ttf"; sourceTree = "<group>"; };
		5A6E0551276873E0000BF8A1 /* Montserrat-BoldItalic.ttf */ = {isa = PBXFileReference; lastKnownFileType = file; path = "Montserrat-BoldItalic.ttf"; sourceTree = "<group>"; };
		5A6E0552276873E0000BF8A1 /* Montserrat-Light.ttf */ = {isa = PBXFileReference; lastKnownFileType = file; path = "Montserrat-Light.ttf"; sourceTree = "<group>"; };
		5A6E0553276873E0000BF8A1 /* Montserrat-ThinItalic.ttf */ = {isa = PBXFileReference; lastKnownFileType = file; path = "Montserrat-ThinItalic.ttf"; sourceTree = "<group>"; };
		5A6E0554276873E0000BF8A1 /* Montserrat-ExtraLight.ttf */ = {isa = PBXFileReference; lastKnownFileType = file; path = "Montserrat-ExtraLight.ttf"; sourceTree = "<group>"; };
		5A6E0555276873E0000BF8A1 /* Montserrat-Thin.ttf */ = {isa = PBXFileReference; lastKnownFileType = file; path = "Montserrat-Thin.ttf"; sourceTree = "<group>"; };
		5A6E0556276873E0000BF8A1 /* Montserrat-Bold.ttf */ = {isa = PBXFileReference; lastKnownFileType = file; path = "Montserrat-Bold.ttf"; sourceTree = "<group>"; };
		5A6E0557276873E0000BF8A1 /* Montserrat-MediumItalic.ttf */ = {isa = PBXFileReference; lastKnownFileType = file; path = "Montserrat-MediumItalic.ttf"; sourceTree = "<group>"; };
		5A6E0558276873E0000BF8A1 /* Montserrat-BlackItalic.ttf */ = {isa = PBXFileReference; lastKnownFileType = file; path = "Montserrat-BlackItalic.ttf"; sourceTree = "<group>"; };
		5A6E0559276873E0000BF8A1 /* Montserrat-SemiBold.ttf */ = {isa = PBXFileReference; lastKnownFileType = file; path = "Montserrat-SemiBold.ttf"; sourceTree = "<group>"; };
		5A6E055A276873E0000BF8A1 /* Montserrat-ExtraLightItalic.ttf */ = {isa = PBXFileReference; lastKnownFileType = file; path = "Montserrat-ExtraLightItalic.ttf"; sourceTree = "<group>"; };
		5A6E055B276873E0000BF8A1 /* Montserrat-ExtraBold.ttf */ = {isa = PBXFileReference; lastKnownFileType = file; path = "Montserrat-ExtraBold.ttf"; sourceTree = "<group>"; };
		5A6E055C276873E0000BF8A1 /* OFL.txt */ = {isa = PBXFileReference; fileEncoding = 4; lastKnownFileType = text; path = OFL.txt; sourceTree = "<group>"; };
		5A6E055D276873E0000BF8A1 /* Montserrat-Black.ttf */ = {isa = PBXFileReference; lastKnownFileType = file; path = "Montserrat-Black.ttf"; sourceTree = "<group>"; };
		5A6E055E276873E0000BF8A1 /* Montserrat-Regular.ttf */ = {isa = PBXFileReference; lastKnownFileType = file; path = "Montserrat-Regular.ttf"; sourceTree = "<group>"; };
		5A6E055F276873E0000BF8A1 /* Montserrat-Italic.ttf */ = {isa = PBXFileReference; lastKnownFileType = file; path = "Montserrat-Italic.ttf"; sourceTree = "<group>"; };
		5A6E0560276873E0000BF8A1 /* Montserrat-SemiBoldItalic.ttf */ = {isa = PBXFileReference; lastKnownFileType = file; path = "Montserrat-SemiBoldItalic.ttf"; sourceTree = "<group>"; };
		5A6E0561276873E0000BF8A1 /* Montserrat-ExtraBoldItalic.ttf */ = {isa = PBXFileReference; lastKnownFileType = file; path = "Montserrat-ExtraBoldItalic.ttf"; sourceTree = "<group>"; };
		5A6E057A27688082000BF8A1 /* DefultStore.swift */ = {isa = PBXFileReference; lastKnownFileType = sourcecode.swift; path = DefultStore.swift; sourceTree = "<group>"; };
		5A6E057D2768830A000BF8A1 /* PublicFuncs.swift */ = {isa = PBXFileReference; lastKnownFileType = sourcecode.swift; path = PublicFuncs.swift; sourceTree = "<group>"; };
		5A6E057F2768844B000BF8A1 /* String+.swift */ = {isa = PBXFileReference; fileEncoding = 4; lastKnownFileType = sourcecode.swift; path = "String+.swift"; sourceTree = "<group>"; };
		5A6E05822768878E000BF8A1 /* LaperView.swift */ = {isa = PBXFileReference; lastKnownFileType = sourcecode.swift; path = LaperView.swift; sourceTree = "<group>"; };
		5A6E058427688B91000BF8A1 /* PieChart.swift */ = {isa = PBXFileReference; lastKnownFileType = sourcecode.swift; path = PieChart.swift; sourceTree = "<group>"; };
		675ACC36DAAF3F9A01C31F1C /* Pods-Fantline.release.xcconfig */ = {isa = PBXFileReference; includeInIndex = 1; lastKnownFileType = text.xcconfig; name = "Pods-Fantline.release.xcconfig"; path = "Target Support Files/Pods-Fantline/Pods-Fantline.release.xcconfig"; sourceTree = "<group>"; };
		A24FB3212769D8AA00BC752B /* FloderComps.swift */ = {isa = PBXFileReference; lastKnownFileType = sourcecode.swift; path = FloderComps.swift; sourceTree = "<group>"; };
		A286BD9E276DD127008472B6 /* ApiTest.swift */ = {isa = PBXFileReference; fileEncoding = 4; lastKnownFileType = sourcecode.swift; path = ApiTest.swift; sourceTree = "<group>"; };
		A286BD9F276DD127008472B6 /* HTTPConfig.swift */ = {isa = PBXFileReference; fileEncoding = 4; lastKnownFileType = sourcecode.swift; path = HTTPConfig.swift; sourceTree = "<group>"; };
		A286BDAB276EC2B5008472B6 /* LoginView.swift */ = {isa = PBXFileReference; lastKnownFileType = sourcecode.swift; path = LoginView.swift; sourceTree = "<group>"; };
		A28B3C17277BF3D20046E35E /* ProfileView.swift */ = {isa = PBXFileReference; lastKnownFileType = sourcecode.swift; path = ProfileView.swift; sourceTree = "<group>"; };
		A2D3B42127773E350007234C /* UserInfoFormView.swift */ = {isa = PBXFileReference; lastKnownFileType = sourcecode.swift; path = UserInfoFormView.swift; sourceTree = "<group>"; };
		A2D3B42327773FCD0007234C /* FirstCompleteLoginView.swift */ = {isa = PBXFileReference; lastKnownFileType = sourcecode.swift; path = FirstCompleteLoginView.swift; sourceTree = "<group>"; };
		A2D3B429277872FC0007234C /* FilmDetailView.swift */ = {isa = PBXFileReference; lastKnownFileType = sourcecode.swift; path = FilmDetailView.swift; sourceTree = "<group>"; };
		A2D3B42C2778733D0007234C /* LaperDocCard.swift */ = {isa = PBXFileReference; lastKnownFileType = sourcecode.swift; path = LaperDocCard.swift; sourceTree = "<group>"; };
		A2D3B42E2778735B0007234C /* FilmComps.swift */ = {isa = PBXFileReference; lastKnownFileType = sourcecode.swift; path = FilmComps.swift; sourceTree = "<group>"; };
		A2E3747527771B89006B91AB /* Buttons.swift */ = {isa = PBXFileReference; lastKnownFileType = sourcecode.swift; path = Buttons.swift; sourceTree = "<group>"; };
		A2E3747727771FBF006B91AB /* PF_TextField.swift */ = {isa = PBXFileReference; fileEncoding = 4; lastKnownFileType = sourcecode.swift; path = PF_TextField.swift; sourceTree = "<group>"; };
		A2E374792777232C006B91AB /* CommunIcon.swift */ = {isa = PBXFileReference; lastKnownFileType = sourcecode.swift; path = CommunIcon.swift; sourceTree = "<group>"; };
		A2E3747B277724AB006B91AB /* VerificationCodeView.swift */ = {isa = PBXFileReference; lastKnownFileType = sourcecode.swift; path = VerificationCodeView.swift; sourceTree = "<group>"; };
		A2E3747E277724CC006B91AB /* UserDataCenter.swift */ = {isa = PBXFileReference; lastKnownFileType = sourcecode.swift; path = UserDataCenter.swift; sourceTree = "<group>"; };
		A2E3748027772D3E006B91AB /* Fantline.entitlements */ = {isa = PBXFileReference; lastKnownFileType = text.plist.entitlements; path = Fantline.entitlements; sourceTree = "<group>"; };
		A2E3748127773382006B91AB /* ContentView_iPad.swift */ = {isa = PBXFileReference; lastKnownFileType = sourcecode.swift; path = ContentView_iPad.swift; sourceTree = "<group>"; };
		A2FD92A02779519400C00F80 /* SettingView.swift */ = {isa = PBXFileReference; lastKnownFileType = sourcecode.swift; path = SettingView.swift; sourceTree = "<group>"; };
		A2FD92A42779708900C00F80 /* LaperDocView.swift */ = {isa = PBXFileReference; lastKnownFileType = sourcecode.swift; path = LaperDocView.swift; sourceTree = "<group>"; };
		A2FD92A7277970BD00C00F80 /* FilmListView.swift */ = {isa = PBXFileReference; lastKnownFileType = sourcecode.swift; path = FilmListView.swift; sourceTree = "<group>"; };
		A2FD92A9277970C400C00F80 /* MuseDocView.swift */ = {isa = PBXFileReference; lastKnownFileType = sourcecode.swift; path = MuseDocView.swift; sourceTree = "<group>"; };
		A2FD92AB277970CF00C00F80 /* ShotPlanView.swift */ = {isa = PBXFileReference; lastKnownFileType = sourcecode.swift; path = ShotPlanView.swift; sourceTree = "<group>"; };
		A2FD92AD2779827E00C00F80 /* LoginViewComps.swift */ = {isa = PBXFileReference; lastKnownFileType = sourcecode.swift; path = LoginViewComps.swift; sourceTree = "<group>"; };
		A2FD92AF27799FFE00C00F80 /* LacunchManager.swift */ = {isa = PBXFileReference; fileEncoding = 4; lastKnownFileType = sourcecode.swift; path = LacunchManager.swift; sourceTree = "<group>"; };
		A2FD92B12779F04F00C00F80 /* FindViewModule.swift */ = {isa = PBXFileReference; lastKnownFileType = sourcecode.swift; path = FindViewModule.swift; sourceTree = "<group>"; };
		E227FFFA0BCD629747AA9A50 /* Pods-Fantline.debug.xcconfig */ = {isa = PBXFileReference; includeInIndex = 1; lastKnownFileType = text.xcconfig; name = "Pods-Fantline.debug.xcconfig"; path = "Target Support Files/Pods-Fantline/Pods-Fantline.debug.xcconfig"; sourceTree = "<group>"; };
/* End PBXFileReference section */

/* Begin PBXFrameworksBuildPhase section */
		5A300B85274FD0B200587B2C /* Frameworks */ = {
			isa = PBXFrameworksBuildPhase;
			buildActionMask = 2147483647;
			files = (
				6A2FE94116067F12231EB9B9 /* Pods_Fantline.framework in Frameworks */,
			);
			runOnlyForDeploymentPostprocessing = 0;
		};
/* End PBXFrameworksBuildPhase section */

/* Begin PBXGroup section */
		113836B46A9A42391F9C07CD /* Frameworks */ = {
			isa = PBXGroup;
			children = (
				4FBB74C617C22AAC2AD4ED2F /* Pods_Fantline.framework */,
			);
			name = Frameworks;
			sourceTree = "<group>";
		};
		5A2ECD7C27697AC900792E80 /* Player */ = {
			isa = PBXGroup;
			children = (
				5A2ECD7D27697AD600792E80 /* VideoPlayer.swift */,
			);
			path = Player;
			sourceTree = "<group>";
		};
		5A300B7F274FD0B200587B2C = {
			isa = PBXGroup;
			children = (
				5A300B8A274FD0B200587B2C /* Fantline */,
				5A300B89274FD0B200587B2C /* Products */,
				EA60E0B704135E051404AB8E /* Pods */,
				113836B46A9A42391F9C07CD /* Frameworks */,
			);
			sourceTree = "<group>";
		};
		5A300B89274FD0B200587B2C /* Products */ = {
			isa = PBXGroup;
			children = (
				5A300B88274FD0B200587B2C /* 拉片Laper.app */,
			);
			name = Products;
			sourceTree = "<group>";
		};
		5A300B8A274FD0B200587B2C /* Fantline */ = {
			isa = PBXGroup;
			children = (
				A2E3748027772D3E006B91AB /* Fantline.entitlements */,
				A2E3747D277724B7006B91AB /* ViewModule */,
				A286BD9D276DD115008472B6 /* Networking */,
				5A6E052E276846CA000BF8A1 /* Fantline-Bridging-Header.h */,
				5A6E052F276846CA000BF8A1 /* Fantline-Bridging-Header.m */,
				5A300B8B274FD0B200587B2C /* FantlineApp.swift */,
				5A6E057A27688082000BF8A1 /* DefultStore.swift */,
				5A6E053127684746000BF8A1 /* AppDelegate.swift */,
				5A300B8D274FD0B200587B2C /* ContentView_iPhone.swift */,
				A2E3748127773382006B91AB /* ContentView_iPad.swift */,
				5A300B8F274FD0B300587B2C /* Assets.xcassets */,
				A24FB3232769D8C700BC752B /* Views */,
				5A2ECD7C27697AC900792E80 /* Player */,
				5A6E054727685F3A000BF8A1 /* UI */,
				5A6E057C276882FF000BF8A1 /* Tools */,
				5A6E057927688063000BF8A1 /* CoreData */,
				5A6E054E276873E0000BF8A1 /* Font */,
				5A300B91274FD0B300587B2C /* Preview Content */,
			);
			path = Fantline;
			sourceTree = "<group>";
		};
		5A300B91274FD0B300587B2C /* Preview Content */ = {
			isa = PBXGroup;
			children = (
				5A300B92274FD0B300587B2C /* Preview Assets.xcassets */,
			);
			path = "Preview Content";
			sourceTree = "<group>";
		};
		5A6E05352768478C000BF8A1 /* UIConfig */ = {
			isa = PBXGroup;
			children = (
				5A6E054A27686003000BF8A1 /* Color.swift */,
				5A6E0539276847A8000BF8A1 /* Font.swift */,
				5A6E054C276862A0000BF8A1 /* Comps.swift */,
			);
			path = UIConfig;
			sourceTree = "<group>";
		};
		5A6E053E27684B4C000BF8A1 /* TabMainViews */ = {
			isa = PBXGroup;
			children = (
				5A6E053F27684B64000BF8A1 /* FindView.swift */,
				5A6E054127684B90000BF8A1 /* LibrayView.swift */,
				5A6E054327684BA1000BF8A1 /* SearchView.swift */,
				5A6E054527685F23000BF8A1 /* Tabbar.swift */,
				A2FD92B12779F04F00C00F80 /* FindViewModule.swift */,
			);
			path = TabMainViews;
			sourceTree = "<group>";
		};
		5A6E054727685F3A000BF8A1 /* UI */ = {
			isa = PBXGroup;
			children = (
				5A6E05352768478C000BF8A1 /* UIConfig */,
				5A6E054827685F4A000BF8A1 /* UIstate.swift */,
				A2E3747527771B89006B91AB /* Buttons.swift */,
			);
			path = UI;
			sourceTree = "<group>";
		};
		5A6E054E276873E0000BF8A1 /* Font */ = {
			isa = PBXGroup;
			children = (
				5A6E054F276873E0000BF8A1 /* Montserrat-LightItalic.ttf */,
				5A6E0550276873E0000BF8A1 /* Montserrat-Medium.ttf */,
				5A6E0551276873E0000BF8A1 /* Montserrat-BoldItalic.ttf */,
				5A6E0552276873E0000BF8A1 /* Montserrat-Light.ttf */,
				5A6E0553276873E0000BF8A1 /* Montserrat-ThinItalic.ttf */,
				5A6E0554276873E0000BF8A1 /* Montserrat-ExtraLight.ttf */,
				5A6E0555276873E0000BF8A1 /* Montserrat-Thin.ttf */,
				5A6E0556276873E0000BF8A1 /* Montserrat-Bold.ttf */,
				5A6E0557276873E0000BF8A1 /* Montserrat-MediumItalic.ttf */,
				5A6E0558276873E0000BF8A1 /* Montserrat-BlackItalic.ttf */,
				5A6E0559276873E0000BF8A1 /* Montserrat-SemiBold.ttf */,
				5A6E055A276873E0000BF8A1 /* Montserrat-ExtraLightItalic.ttf */,
				5A6E055B276873E0000BF8A1 /* Montserrat-ExtraBold.ttf */,
				5A6E055C276873E0000BF8A1 /* OFL.txt */,
				5A6E055D276873E0000BF8A1 /* Montserrat-Black.ttf */,
				5A6E055E276873E0000BF8A1 /* Montserrat-Regular.ttf */,
				5A6E055F276873E0000BF8A1 /* Montserrat-Italic.ttf */,
				5A6E0560276873E0000BF8A1 /* Montserrat-SemiBoldItalic.ttf */,
				5A6E0561276873E0000BF8A1 /* Montserrat-ExtraBoldItalic.ttf */,
			);
			path = Font;
			sourceTree = "<group>";
		};
		5A6E057927688063000BF8A1 /* CoreData */ = {
			isa = PBXGroup;
			children = (
				5A300B94274FD0B300587B2C /* Persistence.swift */,
				5A300B96274FD0B300587B2C /* Fantline.xcdatamodeld */,
			);
			path = CoreData;
			sourceTree = "<group>";
		};
		5A6E057C276882FF000BF8A1 /* Tools */ = {
			isa = PBXGroup;
			children = (
				A2FD92AF27799FFE00C00F80 /* LacunchManager.swift */,
				A2E3747727771FBF006B91AB /* PF_TextField.swift */,
				5A6E057F2768844B000BF8A1 /* String+.swift */,
				5A6E057D2768830A000BF8A1 /* PublicFuncs.swift */,
				A2E374792777232C006B91AB /* CommunIcon.swift */,
			);
			path = Tools;
			sourceTree = "<group>";
		};
		5A6E05812768877F000BF8A1 /* LaperView */ = {
			isa = PBXGroup;
			children = (
				5A6E05822768878E000BF8A1 /* LaperView.swift */,
				5A6E058427688B91000BF8A1 /* PieChart.swift */,
				A2D3B42C2778733D0007234C /* LaperDocCard.swift */,
			);
			path = LaperView;
			sourceTree = "<group>";
		};
		A24FB3202769D71200BC752B /* Floder */ = {
			isa = PBXGroup;
			children = (
				A24FB3212769D8AA00BC752B /* FloderComps.swift */,
			);
			path = Floder;
			sourceTree = "<group>";
		};
		A24FB3232769D8C700BC752B /* Views */ = {
			isa = PBXGroup;
			children = (
				A2FD92A62779708E00C00F80 /* LibrayView */,
				A2FD929F2779518900C00F80 /* SettingView */,
				A2E3747427771967006B91AB /* LoginView */,
				5A6E053E27684B4C000BF8A1 /* TabMainViews */,
				A2D3B428277872E90007234C /* FilmViews */,
				5A6E05812768877F000BF8A1 /* LaperView */,
				A24FB3202769D71200BC752B /* Floder */,
				A28B3C17277BF3D20046E35E /* ProfileView.swift */,
			);
			path = Views;
			sourceTree = "<group>";
		};
		A286BD9D276DD115008472B6 /* Networking */ = {
			isa = PBXGroup;
			children = (
				A286BD9F276DD127008472B6 /* HTTPConfig.swift */,
				A286BD9E276DD127008472B6 /* ApiTest.swift */,
			);
			path = Networking;
			sourceTree = "<group>";
		};
		A2D3B428277872E90007234C /* FilmViews */ = {
			isa = PBXGroup;
			children = (
				A2D3B429277872FC0007234C /* FilmDetailView.swift */,
				A2D3B42E2778735B0007234C /* FilmComps.swift */,
			);
			path = FilmViews;
			sourceTree = "<group>";
		};
		A2E3747427771967006B91AB /* LoginView */ = {
			isa = PBXGroup;
			children = (
				A286BDAB276EC2B5008472B6 /* LoginView.swift */,
				A2E3747B277724AB006B91AB /* VerificationCodeView.swift */,
				A2D3B42127773E350007234C /* UserInfoFormView.swift */,
				A2D3B42327773FCD0007234C /* FirstCompleteLoginView.swift */,
				A2FD92AD2779827E00C00F80 /* LoginViewComps.swift */,
			);
			path = LoginView;
			sourceTree = "<group>";
		};
		A2E3747D277724B7006B91AB /* ViewModule */ = {
			isa = PBXGroup;
			children = (
				A2E3747E277724CC006B91AB /* UserDataCenter.swift */,
			);
			path = ViewModule;
			sourceTree = "<group>";
		};
		A2FD929F2779518900C00F80 /* SettingView */ = {
			isa = PBXGroup;
			children = (
				A2FD92A02779519400C00F80 /* SettingView.swift */,
			);
			path = SettingView;
			sourceTree = "<group>";
		};
		A2FD92A62779708E00C00F80 /* LibrayView */ = {
			isa = PBXGroup;
			children = (
				A2FD92A42779708900C00F80 /* LaperDocView.swift */,
				A2FD92A7277970BD00C00F80 /* FilmListView.swift */,
				A2FD92A9277970C400C00F80 /* MuseDocView.swift */,
				A2FD92AB277970CF00C00F80 /* ShotPlanView.swift */,
			);
			path = LibrayView;
			sourceTree = "<group>";
		};
		EA60E0B704135E051404AB8E /* Pods */ = {
			isa = PBXGroup;
			children = (
				E227FFFA0BCD629747AA9A50 /* Pods-Fantline.debug.xcconfig */,
				675ACC36DAAF3F9A01C31F1C /* Pods-Fantline.release.xcconfig */,
			);
			path = Pods;
			sourceTree = "<group>";
		};
/* End PBXGroup section */

/* Begin PBXNativeTarget section */
		5A300B87274FD0B200587B2C /* Fantline */ = {
			isa = PBXNativeTarget;
			buildConfigurationList = 5A300B9B274FD0B300587B2C /* Build configuration list for PBXNativeTarget "Fantline" */;
			buildPhases = (
				576364BDAE9A0550198ED071 /* [CP] Check Pods Manifest.lock */,
				5A300B84274FD0B200587B2C /* Sources */,
				5A300B85274FD0B200587B2C /* Frameworks */,
				5A300B86274FD0B200587B2C /* Resources */,
				6A9896FE6759AF396559AF39 /* [CP] Embed Pods Frameworks */,
				AA7584C106CB94BB380F80E9 /* [CP] Copy Pods Resources */,
			);
			buildRules = (
			);
			dependencies = (
			);
			name = Fantline;
			productName = Fantline;
			productReference = 5A300B88274FD0B200587B2C /* 拉片Laper.app */;
			productType = "com.apple.product-type.application";
		};
/* End PBXNativeTarget section */

/* Begin PBXProject section */
		5A300B80274FD0B200587B2C /* Project object */ = {
			isa = PBXProject;
			attributes = {
				BuildIndependentTargetsInParallel = 1;
				LastSwiftUpdateCheck = 1310;
				LastUpgradeCheck = 1310;
				TargetAttributes = {
					5A300B87274FD0B200587B2C = {
						CreatedOnToolsVersion = 13.1;
						LastSwiftMigration = 1310;
					};
				};
			};
			buildConfigurationList = 5A300B83274FD0B200587B2C /* Build configuration list for PBXProject "Fantline" */;
			compatibilityVersion = "Xcode 13.0";
			developmentRegion = en;
			hasScannedForEncodings = 0;
			knownRegions = (
				en,
				Base,
			);
			mainGroup = 5A300B7F274FD0B200587B2C;
			packageReferences = (
			);
			productRefGroup = 5A300B89274FD0B200587B2C /* Products */;
			projectDirPath = "";
			projectRoot = "";
			targets = (
				5A300B87274FD0B200587B2C /* Fantline */,
			);
		};
/* End PBXProject section */

/* Begin PBXResourcesBuildPhase section */
		5A300B86274FD0B200587B2C /* Resources */ = {
			isa = PBXResourcesBuildPhase;
			buildActionMask = 2147483647;
			files = (
				5A6E0571276873E0000BF8A1 /* Montserrat-Regular.ttf in Resources */,
				5A6E056A276873E0000BF8A1 /* Montserrat-MediumItalic.ttf in Resources */,
				5A6E0570276873E0000BF8A1 /* Montserrat-Black.ttf in Resources */,
				5A6E0569276873E0000BF8A1 /* Montserrat-Bold.ttf in Resources */,
				5A6E056C276873E0000BF8A1 /* Montserrat-SemiBold.ttf in Resources */,
				5A6E0565276873E0000BF8A1 /* Montserrat-Light.ttf in Resources */,
				5A6E0572276873E0000BF8A1 /* Montserrat-Italic.ttf in Resources */,
				5A6E0568276873E0000BF8A1 /* Montserrat-Thin.ttf in Resources */,
				5A6E0566276873E0000BF8A1 /* Montserrat-ThinItalic.ttf in Resources */,
				5A6E056F276873E0000BF8A1 /* OFL.txt in Resources */,
				5A300B93274FD0B300587B2C /* Preview Assets.xcassets in Resources */,
				5A300B90274FD0B300587B2C /* Assets.xcassets in Resources */,
				5A6E0563276873E0000BF8A1 /* Montserrat-Medium.ttf in Resources */,
				5A6E0567276873E0000BF8A1 /* Montserrat-ExtraLight.ttf in Resources */,
				5A6E056E276873E0000BF8A1 /* Montserrat-ExtraBold.ttf in Resources */,
				5A6E056B276873E0000BF8A1 /* Montserrat-BlackItalic.ttf in Resources */,
				5A6E0564276873E0000BF8A1 /* Montserrat-BoldItalic.ttf in Resources */,
				5A6E0562276873E0000BF8A1 /* Montserrat-LightItalic.ttf in Resources */,
				5A6E0574276873E0000BF8A1 /* Montserrat-ExtraBoldItalic.ttf in Resources */,
				5A6E0573276873E0000BF8A1 /* Montserrat-SemiBoldItalic.ttf in Resources */,
				5A6E056D276873E0000BF8A1 /* Montserrat-ExtraLightItalic.ttf in Resources */,
			);
			runOnlyForDeploymentPostprocessing = 0;
		};
/* End PBXResourcesBuildPhase section */

/* Begin PBXShellScriptBuildPhase section */
		576364BDAE9A0550198ED071 /* [CP] Check Pods Manifest.lock */ = {
			isa = PBXShellScriptBuildPhase;
			buildActionMask = 2147483647;
			files = (
			);
			inputFileListPaths = (
			);
			inputPaths = (
				"${PODS_PODFILE_DIR_PATH}/Podfile.lock",
				"${PODS_ROOT}/Manifest.lock",
			);
			name = "[CP] Check Pods Manifest.lock";
			outputFileListPaths = (
			);
			outputPaths = (
				"$(DERIVED_FILE_DIR)/Pods-Fantline-checkManifestLockResult.txt",
			);
			runOnlyForDeploymentPostprocessing = 0;
			shellPath = /bin/sh;
			shellScript = "diff \"${PODS_PODFILE_DIR_PATH}/Podfile.lock\" \"${PODS_ROOT}/Manifest.lock\" > /dev/null\nif [ $? != 0 ] ; then\n    # print error to STDERR\n    echo \"error: The sandbox is not in sync with the Podfile.lock. Run 'pod install' or update your CocoaPods installation.\" >&2\n    exit 1\nfi\n# This output is used by Xcode 'outputs' to avoid re-running this script phase.\necho \"SUCCESS\" > \"${SCRIPT_OUTPUT_FILE_0}\"\n";
			showEnvVarsInLog = 0;
		};
		6A9896FE6759AF396559AF39 /* [CP] Embed Pods Frameworks */ = {
			isa = PBXShellScriptBuildPhase;
			buildActionMask = 2147483647;
			files = (
			);
			inputFileListPaths = (
				"${PODS_ROOT}/Target Support Files/Pods-Fantline/Pods-Fantline-frameworks-${CONFIGURATION}-input-files.xcfilelist",
			);
			name = "[CP] Embed Pods Frameworks";
			outputFileListPaths = (
				"${PODS_ROOT}/Target Support Files/Pods-Fantline/Pods-Fantline-frameworks-${CONFIGURATION}-output-files.xcfilelist",
			);
			runOnlyForDeploymentPostprocessing = 0;
			shellPath = /bin/sh;
			shellScript = "\"${PODS_ROOT}/Target Support Files/Pods-Fantline/Pods-Fantline-frameworks.sh\"\n";
			showEnvVarsInLog = 0;
		};
		AA7584C106CB94BB380F80E9 /* [CP] Copy Pods Resources */ = {
			isa = PBXShellScriptBuildPhase;
			buildActionMask = 2147483647;
			files = (
			);
			inputFileListPaths = (
				"${PODS_ROOT}/Target Support Files/Pods-Fantline/Pods-Fantline-resources-${CONFIGURATION}-input-files.xcfilelist",
			);
			name = "[CP] Copy Pods Resources";
			outputFileListPaths = (
				"${PODS_ROOT}/Target Support Files/Pods-Fantline/Pods-Fantline-resources-${CONFIGURATION}-output-files.xcfilelist",
			);
			runOnlyForDeploymentPostprocessing = 0;
			shellPath = /bin/sh;
			shellScript = "\"${PODS_ROOT}/Target Support Files/Pods-Fantline/Pods-Fantline-resources.sh\"\n";
			showEnvVarsInLog = 0;
		};
/* End PBXShellScriptBuildPhase section */

/* Begin PBXSourcesBuildPhase section */
		5A300B84274FD0B200587B2C /* Sources */ = {
			isa = PBXSourcesBuildPhase;
			buildActionMask = 2147483647;
			files = (
				A2D3B42D2778733D0007234C /* LaperDocCard.swift in Sources */,
				5A6E053227684746000BF8A1 /* AppDelegate.swift in Sources */,
				A2FD92B22779F04F00C00F80 /* FindViewModule.swift in Sources */,
				A2FD92B027799FFE00C00F80 /* LacunchManager.swift in Sources */,
				5A300B95274FD0B300587B2C /* Persistence.swift in Sources */,
				5A6E054627685F24000BF8A1 /* Tabbar.swift in Sources */,
				A2E3747627771B89006B91AB /* Buttons.swift in Sources */,
				5A6E054927685F4A000BF8A1 /* UIstate.swift in Sources */,
				5A6E054B27686004000BF8A1 /* Color.swift in Sources */,
				5A300B8E274FD0B200587B2C /* ContentView_iPhone.swift in Sources */,
				A286BDAC276EC2B5008472B6 /* LoginView.swift in Sources */,
				5A6E053C276847A8000BF8A1 /* Font.swift in Sources */,
				A2D3B42227773E350007234C /* UserInfoFormView.swift in Sources */,
				5A6E057E2768830A000BF8A1 /* PublicFuncs.swift in Sources */,
				5A6E054027684B64000BF8A1 /* FindView.swift in Sources */,
				A2D3B42427773FCD0007234C /* FirstCompleteLoginView.swift in Sources */,
				5A6E058527688B91000BF8A1 /* PieChart.swift in Sources */,
				5A6E0530276846CA000BF8A1 /* Fantline-Bridging-Header.m in Sources */,
				5A6E05832768878E000BF8A1 /* LaperView.swift in Sources */,
				A2E3747C277724AB006B91AB /* VerificationCodeView.swift in Sources */,
				A28B3C18277BF3D20046E35E /* ProfileView.swift in Sources */,
				5A6E05802768844B000BF8A1 /* String+.swift in Sources */,
				A2FD92A52779708900C00F80 /* LaperDocView.swift in Sources */,
				A2E3747827771FBF006B91AB /* PF_TextField.swift in Sources */,
				A2FD92AA277970C400C00F80 /* MuseDocView.swift in Sources */,
				5A6E054227684B90000BF8A1 /* LibrayView.swift in Sources */,
				A2FD92A8277970BD00C00F80 /* FilmListView.swift in Sources */,
				A2FD92A12779519400C00F80 /* SettingView.swift in Sources */,
				A2FD92AC277970CF00C00F80 /* ShotPlanView.swift in Sources */,
				A286BDA0276DD127008472B6 /* ApiTest.swift in Sources */,
				A24FB3222769D8AA00BC752B /* FloderComps.swift in Sources */,
				5A2ECD7E27697AD600792E80 /* VideoPlayer.swift in Sources */,
				A2E3747F277724CC006B91AB /* UserDataCenter.swift in Sources */,
				A2FD92AE2779827E00C00F80 /* LoginViewComps.swift in Sources */,
				A2E3747A2777232C006B91AB /* CommunIcon.swift in Sources */,
				5A6E054D276862A0000BF8A1 /* Comps.swift in Sources */,
				A2E3748227773382006B91AB /* ContentView_iPad.swift in Sources */,
				5A300B98274FD0B300587B2C /* Fantline.xcdatamodeld in Sources */,
				A2D3B42F2778735B0007234C /* FilmComps.swift in Sources */,
				A2D3B42A277872FC0007234C /* FilmDetailView.swift in Sources */,
				A286BDA1276DD127008472B6 /* HTTPConfig.swift in Sources */,
				5A6E057B27688082000BF8A1 /* DefultStore.swift in Sources */,
				5A300B8C274FD0B200587B2C /* FantlineApp.swift in Sources */,
				5A6E054427684BA1000BF8A1 /* SearchView.swift in Sources */,
			);
			runOnlyForDeploymentPostprocessing = 0;
		};
/* End PBXSourcesBuildPhase section */

/* Begin XCBuildConfiguration section */
		5A300B99274FD0B300587B2C /* Debug */ = {
			isa = XCBuildConfiguration;
			buildSettings = {
				ALWAYS_SEARCH_USER_PATHS = NO;
				CLANG_ANALYZER_NONNULL = YES;
				CLANG_ANALYZER_NUMBER_OBJECT_CONVERSION = YES_AGGRESSIVE;
				CLANG_CXX_LANGUAGE_STANDARD = "gnu++17";
				CLANG_CXX_LIBRARY = "libc++";
				CLANG_ENABLE_MODULES = YES;
				CLANG_ENABLE_OBJC_ARC = YES;
				CLANG_ENABLE_OBJC_WEAK = YES;
				CLANG_WARN_BLOCK_CAPTURE_AUTORELEASING = YES;
				CLANG_WARN_BOOL_CONVERSION = YES;
				CLANG_WARN_COMMA = YES;
				CLANG_WARN_CONSTANT_CONVERSION = YES;
				CLANG_WARN_DEPRECATED_OBJC_IMPLEMENTATIONS = YES;
				CLANG_WARN_DIRECT_OBJC_ISA_USAGE = YES_ERROR;
				CLANG_WARN_DOCUMENTATION_COMMENTS = YES;
				CLANG_WARN_EMPTY_BODY = YES;
				CLANG_WARN_ENUM_CONVERSION = YES;
				CLANG_WARN_INFINITE_RECURSION = YES;
				CLANG_WARN_INT_CONVERSION = YES;
				CLANG_WARN_NON_LITERAL_NULL_CONVERSION = YES;
				CLANG_WARN_OBJC_IMPLICIT_RETAIN_SELF = YES;
				CLANG_WARN_OBJC_LITERAL_CONVERSION = YES;
				CLANG_WARN_OBJC_ROOT_CLASS = YES_ERROR;
				CLANG_WARN_QUOTED_INCLUDE_IN_FRAMEWORK_HEADER = YES;
				CLANG_WARN_RANGE_LOOP_ANALYSIS = YES;
				CLANG_WARN_STRICT_PROTOTYPES = YES;
				CLANG_WARN_SUSPICIOUS_MOVE = YES;
				CLANG_WARN_UNGUARDED_AVAILABILITY = YES_AGGRESSIVE;
				CLANG_WARN_UNREACHABLE_CODE = YES;
				CLANG_WARN__DUPLICATE_METHOD_MATCH = YES;
				COPY_PHASE_STRIP = NO;
				DEBUG_INFORMATION_FORMAT = dwarf;
				ENABLE_STRICT_OBJC_MSGSEND = YES;
				ENABLE_TESTABILITY = YES;
				GCC_C_LANGUAGE_STANDARD = gnu11;
				GCC_DYNAMIC_NO_PIC = NO;
				GCC_NO_COMMON_BLOCKS = YES;
				GCC_OPTIMIZATION_LEVEL = 0;
				GCC_PREPROCESSOR_DEFINITIONS = (
					"DEBUG=1",
					"$(inherited)",
				);
				GCC_WARN_64_TO_32_BIT_CONVERSION = YES;
				GCC_WARN_ABOUT_RETURN_TYPE = YES_ERROR;
				GCC_WARN_UNDECLARED_SELECTOR = YES;
				GCC_WARN_UNINITIALIZED_AUTOS = YES_AGGRESSIVE;
				GCC_WARN_UNUSED_FUNCTION = YES;
				GCC_WARN_UNUSED_VARIABLE = YES;
				IPHONEOS_DEPLOYMENT_TARGET = 14.4;
				MTL_ENABLE_DEBUG_INFO = INCLUDE_SOURCE;
				MTL_FAST_MATH = YES;
				ONLY_ACTIVE_ARCH = YES;
				SDKROOT = iphoneos;
				SWIFT_ACTIVE_COMPILATION_CONDITIONS = DEBUG;
				SWIFT_OPTIMIZATION_LEVEL = "-Onone";
			};
			name = Debug;
		};
		5A300B9A274FD0B300587B2C /* Release */ = {
			isa = XCBuildConfiguration;
			buildSettings = {
				ALWAYS_SEARCH_USER_PATHS = NO;
				CLANG_ANALYZER_NONNULL = YES;
				CLANG_ANALYZER_NUMBER_OBJECT_CONVERSION = YES_AGGRESSIVE;
				CLANG_CXX_LANGUAGE_STANDARD = "gnu++17";
				CLANG_CXX_LIBRARY = "libc++";
				CLANG_ENABLE_MODULES = YES;
				CLANG_ENABLE_OBJC_ARC = YES;
				CLANG_ENABLE_OBJC_WEAK = YES;
				CLANG_WARN_BLOCK_CAPTURE_AUTORELEASING = YES;
				CLANG_WARN_BOOL_CONVERSION = YES;
				CLANG_WARN_COMMA = YES;
				CLANG_WARN_CONSTANT_CONVERSION = YES;
				CLANG_WARN_DEPRECATED_OBJC_IMPLEMENTATIONS = YES;
				CLANG_WARN_DIRECT_OBJC_ISA_USAGE = YES_ERROR;
				CLANG_WARN_DOCUMENTATION_COMMENTS = YES;
				CLANG_WARN_EMPTY_BODY = YES;
				CLANG_WARN_ENUM_CONVERSION = YES;
				CLANG_WARN_INFINITE_RECURSION = YES;
				CLANG_WARN_INT_CONVERSION = YES;
				CLANG_WARN_NON_LITERAL_NULL_CONVERSION = YES;
				CLANG_WARN_OBJC_IMPLICIT_RETAIN_SELF = YES;
				CLANG_WARN_OBJC_LITERAL_CONVERSION = YES;
				CLANG_WARN_OBJC_ROOT_CLASS = YES_ERROR;
				CLANG_WARN_QUOTED_INCLUDE_IN_FRAMEWORK_HEADER = YES;
				CLANG_WARN_RANGE_LOOP_ANALYSIS = YES;
				CLANG_WARN_STRICT_PROTOTYPES = YES;
				CLANG_WARN_SUSPICIOUS_MOVE = YES;
				CLANG_WARN_UNGUARDED_AVAILABILITY = YES_AGGRESSIVE;
				CLANG_WARN_UNREACHABLE_CODE = YES;
				CLANG_WARN__DUPLICATE_METHOD_MATCH = YES;
				COPY_PHASE_STRIP = NO;
				DEBUG_INFORMATION_FORMAT = "dwarf-with-dsym";
				ENABLE_NS_ASSERTIONS = NO;
				ENABLE_STRICT_OBJC_MSGSEND = YES;
				GCC_C_LANGUAGE_STANDARD = gnu11;
				GCC_NO_COMMON_BLOCKS = YES;
				GCC_WARN_64_TO_32_BIT_CONVERSION = YES;
				GCC_WARN_ABOUT_RETURN_TYPE = YES_ERROR;
				GCC_WARN_UNDECLARED_SELECTOR = YES;
				GCC_WARN_UNINITIALIZED_AUTOS = YES_AGGRESSIVE;
				GCC_WARN_UNUSED_FUNCTION = YES;
				GCC_WARN_UNUSED_VARIABLE = YES;
				IPHONEOS_DEPLOYMENT_TARGET = 14.4;
				MTL_ENABLE_DEBUG_INFO = NO;
				MTL_FAST_MATH = YES;
				SDKROOT = iphoneos;
				SWIFT_COMPILATION_MODE = wholemodule;
				SWIFT_OPTIMIZATION_LEVEL = "-O";
				VALIDATE_PRODUCT = YES;
			};
			name = Release;
		};
		5A300B9C274FD0B300587B2C /* Debug */ = {
			isa = XCBuildConfiguration;
			baseConfigurationReference = E227FFFA0BCD629747AA9A50 /* Pods-Fantline.debug.xcconfig */;
			buildSettings = {
				ASSETCATALOG_COMPILER_APPICON_NAME = AppIcon;
				ASSETCATALOG_COMPILER_GLOBAL_ACCENT_COLOR_NAME = AccentColor;
				CLANG_ENABLE_MODULES = YES;
				CODE_SIGN_ENTITLEMENTS = Fantline/Fantline.entitlements;
				CODE_SIGN_STYLE = Automatic;
				CURRENT_PROJECT_VERSION = 9;
				DEVELOPMENT_ASSET_PATHS = "\"Fantline/Preview Content\"";
				DEVELOPMENT_TEAM = 6UB6WM6VQR;
				ENABLE_PREVIEWS = YES;
				GENERATE_INFOPLIST_FILE = YES;
				INFOPLIST_FILE = Fantline/Info.plist;
				INFOPLIST_KEY_CFBundleDisplayName = "暗房DAO";
				INFOPLIST_KEY_LSApplicationCategoryType = "public.app-category.lifestyle";
				INFOPLIST_KEY_UIApplicationSupportsIndirectInputEvents = YES;
				INFOPLIST_KEY_UIRequiresFullScreen = YES;
				INFOPLIST_KEY_UISupportedInterfaceOrientations = UIInterfaceOrientationPortrait;
				INFOPLIST_KEY_UISupportedInterfaceOrientations_iPad = "UIInterfaceOrientationPortrait UIInterfaceOrientationPortraitUpsideDown UIInterfaceOrientationLandscapeLeft UIInterfaceOrientationLandscapeRight";
				INFOPLIST_KEY_UISupportedInterfaceOrientations_iPhone = "UIInterfaceOrientationPortrait UIInterfaceOrientationLandscapeLeft UIInterfaceOrientationLandscapeRight";
				IPHONEOS_DEPLOYMENT_TARGET = 14.4;
				LD_RUNPATH_SEARCH_PATHS = (
					"$(inherited)",
					"@executable_path/Frameworks",
				);
				MARKETING_VERSION = 1.0.6;
				PRODUCT_BUNDLE_IDENTIFIER = com.pruefantasy.film;
				PRODUCT_NAME = "拉片Laper";
				SUPPORTS_MACCATALYST = YES;
				SWIFT_EMIT_LOC_STRINGS = YES;
				SWIFT_OBJC_BRIDGING_HEADER = "Fantline/Fantline-Bridging-Header.h";
				SWIFT_OPTIMIZATION_LEVEL = "-Onone";
				SWIFT_VERSION = 5.0;
				TARGETED_DEVICE_FAMILY = "1,2";
			};
			name = Debug;
		};
		5A300B9D274FD0B300587B2C /* Release */ = {
			isa = XCBuildConfiguration;
			baseConfigurationReference = 675ACC36DAAF3F9A01C31F1C /* Pods-Fantline.release.xcconfig */;
			buildSettings = {
				ASSETCATALOG_COMPILER_APPICON_NAME = AppIcon;
				ASSETCATALOG_COMPILER_GLOBAL_ACCENT_COLOR_NAME = AccentColor;
				CLANG_ENABLE_MODULES = YES;
				CODE_SIGN_ENTITLEMENTS = Fantline/Fantline.entitlements;
				CODE_SIGN_STYLE = Automatic;
				CURRENT_PROJECT_VERSION = 9;
				DEVELOPMENT_ASSET_PATHS = "\"Fantline/Preview Content\"";
				DEVELOPMENT_TEAM = 6UB6WM6VQR;
				ENABLE_PREVIEWS = YES;
				GENERATE_INFOPLIST_FILE = YES;
				INFOPLIST_FILE = Fantline/Info.plist;
				INFOPLIST_KEY_CFBundleDisplayName = "暗房DAO";
				INFOPLIST_KEY_LSApplicationCategoryType = "public.app-category.lifestyle";
				INFOPLIST_KEY_UIApplicationSupportsIndirectInputEvents = YES;
				INFOPLIST_KEY_UIRequiresFullScreen = YES;
				INFOPLIST_KEY_UISupportedInterfaceOrientations = UIInterfaceOrientationPortrait;
				INFOPLIST_KEY_UISupportedInterfaceOrientations_iPad = "UIInterfaceOrientationPortrait UIInterfaceOrientationPortraitUpsideDown UIInterfaceOrientationLandscapeLeft UIInterfaceOrientationLandscapeRight";
				INFOPLIST_KEY_UISupportedInterfaceOrientations_iPhone = "UIInterfaceOrientationPortrait UIInterfaceOrientationLandscapeLeft UIInterfaceOrientationLandscapeRight";
				IPHONEOS_DEPLOYMENT_TARGET = 14.4;
				LD_RUNPATH_SEARCH_PATHS = (
					"$(inherited)",
					"@executable_path/Frameworks",
				);
				MARKETING_VERSION = 1.0.6;
				PRODUCT_BUNDLE_IDENTIFIER = com.pruefantasy.film;
				PRODUCT_NAME = "拉片Laper";
				SUPPORTS_MACCATALYST = YES;
				SWIFT_EMIT_LOC_STRINGS = YES;
				SWIFT_OBJC_BRIDGING_HEADER = "Fantline/Fantline-Bridging-Header.h";
				SWIFT_VERSION = 5.0;
				TARGETED_DEVICE_FAMILY = "1,2";
			};
			name = Release;
		};
/* End XCBuildConfiguration section */

/* Begin XCConfigurationList section */
		5A300B83274FD0B200587B2C /* Build configuration list for PBXProject "Fantline" */ = {
			isa = XCConfigurationList;
			buildConfigurations = (
				5A300B99274FD0B300587B2C /* Debug */,
				5A300B9A274FD0B300587B2C /* Release */,
			);
			defaultConfigurationIsVisible = 0;
			defaultConfigurationName = Release;
		};
		5A300B9B274FD0B300587B2C /* Build configuration list for PBXNativeTarget "Fantline" */ = {
			isa = XCConfigurationList;
			buildConfigurations = (
				5A300B9C274FD0B300587B2C /* Debug */,
				5A300B9D274FD0B300587B2C /* Release */,
			);
			defaultConfigurationIsVisible = 0;
			defaultConfigurationName = Release;
		};
/* End XCConfigurationList section */

/* Begin XCVersionGroup section */
		5A300B96274FD0B300587B2C /* Fantline.xcdatamodeld */ = {
			isa = XCVersionGroup;
			children = (
				5A300B97274FD0B300587B2C /* Fantline.xcdatamodel */,
			);
			currentVersion = 5A300B97274FD0B300587B2C /* Fantline.xcdatamodel */;
			path = Fantline.xcdatamodeld;
			sourceTree = "<group>";
			versionGroupType = wrapper.xcdatamodel;
		};
/* End XCVersionGroup section */
	};
	rootObject = 5A300B80274FD0B200587B2C /* Project object */;
}
