PODS:
  - Alamofire (5.5.0)
  - CropViewController (2.6.0)
  - FantasyUI (1.0.11):
    - FantasyUI/Networking (= 1.0.11)
  - FantasyUI/Networking (1.0.11):
    - KakaJSON
    - Moya
    - Moya/Combine (~> 15.0)
    - SwiftyJSON
  - FloatingPanel (2.5.1)
  - Introspect (0.1.3)
  - KakaJSON (1.1.2)
  - lottie-ios (3.3.0)
  - Moya (15.0.0):
    - Moya/Core (= 15.0.0)
  - Moya/Combine (15.0.0):
    - Moya/Core
  - Moya/Core (15.0.0):
    - Alamofire (~> 5.0)
  - SDWebImage (5.12.1):
    - SDWebImage/Core (= 5.12.1)
  - SDWebImage/Core (5.12.1)
  - SDWebImageSwiftUI (2.0.2):
    - SDWebImage (~> 5.10)
  - SwiftyJSON (5.0.1)
  - UMCCommonLog (2.0.2)
  - UMCommon (7.3.5):
    - UMDevice
  - UMDevice (2.1.0)

DEPENDENCIES:
  - CropViewController
  - FantasyUI (from `./Fantasy`)
  - FloatingPanel
  - Introspect
  - lottie-ios
  - SDWebImageSwiftUI
  - UMCCommonLog
  - UMCommon
  - UMDevice

SPEC REPOS:
  trunk:
    - Alamofire
    - CropViewController
    - FloatingPanel
    - Introspect
    - KakaJSON
    - lottie-ios
    - Moya
    - SDWebImage
    - SDWebImageSwiftUI
    - SwiftyJSON
    - UMCCommonLog
    - UMCommon
    - UMDevice

EXTERNAL SOURCES:
  FantasyUI:
    :path: "./Fantasy"

SPEC CHECKSUMS:
  Alamofire: 1c4fb5369c3fe93d2857c780d8bbe09f06f97e7c
  CropViewController: 7093b39ec3cb508531b22d35773e06cecd7378d8
  FantasyUI: 28d531429def8f046f732bc1bd2695b1507fe46d
  FloatingPanel: 523cb50f490f151fc03fabf24a8322e44d22f65f
  Introspect: 2be020f30f084ada52bb4387fff83fa52c5c400e
  KakaJSON: cc5ff50a8c1cfbb09413db8496cb709a209e6137
  lottie-ios: 6ac74dcc09904798f59b18cb3075c089d76be9ae
  Moya: 138f0573e53411fb3dc17016add0b748dfbd78ee
  SDWebImage: 4dc3e42d9ec0c1028b960a33ac6b637bb432207b
  SDWebImageSwiftUI: 8a3923c95108312b03a599ec1498754af55a6819
  SwiftyJSON: 2f33a42c6fbc52764d96f13368585094bfd8aa5e
  UMCCommonLog: bea707e50c85cef4b0eb47cc5c7226bb843245ca
  UMCommon: ab4d875ddefe1b06c60b577e4a58bc4d433ee067
  UMDevice: 04948a92184e8d25f1369b635dff5490c1f063e0

PODFILE CHECKSUM: 0d6ac10bf9081d0e12ffd8e9b059fe685b9ca278

COCOAPODS: 1.11.2
